// !$*UTF8*$!
{
	archiveVersion = 1;
	classes = {
	};
	objectVersion = 56;
	objects = {

/* Begin PBXBuildFile section */
		6622FAD22A5FF7DA008AA5D6 /* EventHandler.swift in Sources */ = {isa = PBXBuildFile; fileRef = 6622FAD12A5FF7DA008AA5D6 /* EventHandler.swift */; };
		6622FAD42A5FF812008AA5D6 /* ViewControllerEvent.swift in Sources */ = {isa = PBXBuildFile; fileRef = 6622FAD32A5FF812008AA5D6 /* ViewControllerEvent.swift */; };
		6622FAD72A5FFBBD008AA5D6 /* BookListViewController.swift in Sources */ = {isa = PBXBuildFile; fileRef = 6622FAD62A5FFBBD008AA5D6 /* BookListViewController.swift */; };
		6622FAD92A5FFC58008AA5D6 /* BookListViewModel.swift in Sources */ = {isa = PBXBuildFile; fileRef = 6622FAD82A5FFC58008AA5D6 /* BookListViewModel.swift */; };
		6622FADB2A601BA6008AA5D6 /* BookListTableViewCell.swift in Sources */ = {isa = PBXBuildFile; fileRef = 6622FADA2A601BA6008AA5D6 /* BookListTableViewCell.swift */; };
		6622FADD2A601C46008AA5D6 /* BookCellViewModel.swift in Sources */ = {isa = PBXBuildFile; fileRef = 6622FADC2A601C46008AA5D6 /* BookCellViewModel.swift */; };
		6672EB892A5BECBC00D8CFB2 /* AppDelegate.swift in Sources */ = {isa = PBXBuildFile; fileRef = 6672EB882A5BECBC00D8CFB2 /* AppDelegate.swift */; };
		6672EB8B2A5BECBC00D8CFB2 /* SceneDelegate.swift in Sources */ = {isa = PBXBuildFile; fileRef = 6672EB8A2A5BECBC00D8CFB2 /* SceneDelegate.swift */; };
		6672EB8D2A5BECBC00D8CFB2 /* ViewController.swift in Sources */ = {isa = PBXBuildFile; fileRef = 6672EB8C2A5BECBC00D8CFB2 /* ViewController.swift */; };
		6672EB922A5BECBC00D8CFB2 /* Assets.xcassets in Resources */ = {isa = PBXBuildFile; fileRef = 6672EB912A5BECBC00D8CFB2 /* Assets.xcassets */; };
		6672EB952A5BECBC00D8CFB2 /* LaunchScreen.storyboard in Resources */ = {isa = PBXBuildFile; fileRef = 6672EB932A5BECBC00D8CFB2 /* LaunchScreen.storyboard */; };
		6672EBA22A5BF1BC00D8CFB2 /* Coordinator.swift in Sources */ = {isa = PBXBuildFile; fileRef = 6672EBA12A5BF1BC00D8CFB2 /* Coordinator.swift */; };
		6672EBA52A5BF1FB00D8CFB2 /* MainCoordinator.swift in Sources */ = {isa = PBXBuildFile; fileRef = 6672EBA42A5BF1FB00D8CFB2 /* MainCoordinator.swift */; };
		6672EBA72A5BF44400D8CFB2 /* Category.swift in Sources */ = {isa = PBXBuildFile; fileRef = 6672EBA62A5BF44400D8CFB2 /* Category.swift */; };
		6672EBA92A5BF47800D8CFB2 /* CategoriesResponse.swift in Sources */ = {isa = PBXBuildFile; fileRef = 6672EBA82A5BF47800D8CFB2 /* CategoriesResponse.swift */; };
		6672EBAB2A5BF5FB00D8CFB2 /* Book.swift in Sources */ = {isa = PBXBuildFile; fileRef = 6672EBAA2A5BF5FB00D8CFB2 /* Book.swift */; };
		6672EBAD2A5BF71C00D8CFB2 /* BookListResponse.swift in Sources */ = {isa = PBXBuildFile; fileRef = 6672EBAC2A5BF71C00D8CFB2 /* BookListResponse.swift */; };
		6672EBAF2A5BF72500D8CFB2 /* BookList.swift in Sources */ = {isa = PBXBuildFile; fileRef = 6672EBAE2A5BF72500D8CFB2 /* BookList.swift */; };
		6672EBB12A5BF7FD00D8CFB2 /* NetworkService.swift in Sources */ = {isa = PBXBuildFile; fileRef = 6672EBB02A5BF7FD00D8CFB2 /* NetworkService.swift */; };
		6672EBB32A5C16E200D8CFB2 /* CategoriesViewController.swift in Sources */ = {isa = PBXBuildFile; fileRef = 6672EBB22A5C16E200D8CFB2 /* CategoriesViewController.swift */; };
		6672EBB52A5C16FA00D8CFB2 /* CategoriesViewModel.swift in Sources */ = {isa = PBXBuildFile; fileRef = 6672EBB42A5C16FA00D8CFB2 /* CategoriesViewModel.swift */; };
		6672EBBA2A5C1D3600D8CFB2 /* CategoryTableViewCell.swift in Sources */ = {isa = PBXBuildFile; fileRef = 6672EBB92A5C1D3600D8CFB2 /* CategoryTableViewCell.swift */; };
/* End PBXBuildFile section */

/* Begin PBXFileReference section */
		6622FAD12A5FF7DA008AA5D6 /* EventHandler.swift */ = {isa = PBXFileReference; lastKnownFileType = sourcecode.swift; path = EventHandler.swift; sourceTree = "<group>"; };
		6622FAD32A5FF812008AA5D6 /* ViewControllerEvent.swift */ = {isa = PBXFileReference; lastKnownFileType = sourcecode.swift; path = ViewControllerEvent.swift; sourceTree = "<group>"; };
		6622FAD62A5FFBBD008AA5D6 /* BookListViewController.swift */ = {isa = PBXFileReference; lastKnownFileType = sourcecode.swift; path = BookListViewController.swift; sourceTree = "<group>"; };
		6622FAD82A5FFC58008AA5D6 /* BookListViewModel.swift */ = {isa = PBXFileReference; lastKnownFileType = sourcecode.swift; path = BookListViewModel.swift; sourceTree = "<group>"; };
		6622FADA2A601BA6008AA5D6 /* BookListTableViewCell.swift */ = {isa = PBXFileReference; lastKnownFileType = sourcecode.swift; path = BookListTableViewCell.swift; sourceTree = "<group>"; };
		6622FADC2A601C46008AA5D6 /* BookCellViewModel.swift */ = {isa = PBXFileReference; lastKnownFileType = sourcecode.swift; path = BookCellViewModel.swift; sourceTree = "<group>"; };
		6672EB852A5BECBC00D8CFB2 /* NYT-Books.app */ = {isa = PBXFileReference; explicitFileType = wrapper.application; includeInIndex = 0; path = "NYT-Books.app"; sourceTree = BUILT_PRODUCTS_DIR; };
		6672EB882A5BECBC00D8CFB2 /* AppDelegate.swift */ = {isa = PBXFileReference; lastKnownFileType = sourcecode.swift; path = AppDelegate.swift; sourceTree = "<group>"; };
		6672EB8A2A5BECBC00D8CFB2 /* SceneDelegate.swift */ = {isa = PBXFileReference; lastKnownFileType = sourcecode.swift; path = SceneDelegate.swift; sourceTree = "<group>"; };
		6672EB8C2A5BECBC00D8CFB2 /* ViewController.swift */ = {isa = PBXFileReference; lastKnownFileType = sourcecode.swift; path = ViewController.swift; sourceTree = "<group>"; };
		6672EB912A5BECBC00D8CFB2 /* Assets.xcassets */ = {isa = PBXFileReference; lastKnownFileType = folder.assetcatalog; path = Assets.xcassets; sourceTree = "<group>"; };
		6672EB942A5BECBC00D8CFB2 /* Base */ = {isa = PBXFileReference; lastKnownFileType = file.storyboard; name = Base; path = Base.lproj/LaunchScreen.storyboard; sourceTree = "<group>"; };
		6672EB962A5BECBC00D8CFB2 /* Info.plist */ = {isa = PBXFileReference; lastKnownFileType = text.plist.xml; path = Info.plist; sourceTree = "<group>"; };
		6672EBA12A5BF1BC00D8CFB2 /* Coordinator.swift */ = {isa = PBXFileReference; lastKnownFileType = sourcecode.swift; path = Coordinator.swift; sourceTree = "<group>"; };
		6672EBA42A5BF1FB00D8CFB2 /* MainCoordinator.swift */ = {isa = PBXFileReference; lastKnownFileType = sourcecode.swift; path = MainCoordinator.swift; sourceTree = "<group>"; };
		6672EBA62A5BF44400D8CFB2 /* Category.swift */ = {isa = PBXFileReference; lastKnownFileType = sourcecode.swift; path = Category.swift; sourceTree = "<group>"; };
		6672EBA82A5BF47800D8CFB2 /* CategoriesResponse.swift */ = {isa = PBXFileReference; lastKnownFileType = sourcecode.swift; path = CategoriesResponse.swift; sourceTree = "<group>"; };
		6672EBAA2A5BF5FB00D8CFB2 /* Book.swift */ = {isa = PBXFileReference; lastKnownFileType = sourcecode.swift; path = Book.swift; sourceTree = "<group>"; };
		6672EBAC2A5BF71C00D8CFB2 /* BookListResponse.swift */ = {isa = PBXFileReference; lastKnownFileType = sourcecode.swift; path = BookListResponse.swift; sourceTree = "<group>"; };
		6672EBAE2A5BF72500D8CFB2 /* BookList.swift */ = {isa = PBXFileReference; lastKnownFileType = sourcecode.swift; path = BookList.swift; sourceTree = "<group>"; };
		6672EBB02A5BF7FD00D8CFB2 /* NetworkService.swift */ = {isa = PBXFileReference; lastKnownFileType = sourcecode.swift; path = NetworkService.swift; sourceTree = "<group>"; };
		6672EBB22A5C16E200D8CFB2 /* CategoriesViewController.swift */ = {isa = PBXFileReference; lastKnownFileType = sourcecode.swift; path = CategoriesViewController.swift; sourceTree = "<group>"; };
		6672EBB42A5C16FA00D8CFB2 /* CategoriesViewModel.swift */ = {isa = PBXFileReference; lastKnownFileType = sourcecode.swift; path = CategoriesViewModel.swift; sourceTree = "<group>"; };
		6672EBB92A5C1D3600D8CFB2 /* CategoryTableViewCell.swift */ = {isa = PBXFileReference; lastKnownFileType = sourcecode.swift; path = CategoryTableViewCell.swift; sourceTree = "<group>"; };
/* End PBXFileReference section */

/* Begin PBXFrameworksBuildPhase section */
		6672EB822A5BECBC00D8CFB2 /* Frameworks */ = {
			isa = PBXFrameworksBuildPhase;
			buildActionMask = 2147483647;
			files = (
			);
			runOnlyForDeploymentPostprocessing = 0;
		};
/* End PBXFrameworksBuildPhase section */

/* Begin PBXGroup section */
		6622FAD52A5FFB9D008AA5D6 /* BookList */ = {
			isa = PBXGroup;
			children = (
				6622FAD62A5FFBBD008AA5D6 /* BookListViewController.swift */,
				6622FADA2A601BA6008AA5D6 /* BookListTableViewCell.swift */,
			);
			path = BookList;
			sourceTree = "<group>";
		};
		6672EB7C2A5BECBC00D8CFB2 = {
			isa = PBXGroup;
			children = (
				6672EB872A5BECBC00D8CFB2 /* NYT-Books */,
				6672EB862A5BECBC00D8CFB2 /* Products */,
			);
			sourceTree = "<group>";
		};
		6672EB862A5BECBC00D8CFB2 /* Products */ = {
			isa = PBXGroup;
			children = (
				6672EB852A5BECBC00D8CFB2 /* NYT-Books.app */,
			);
			name = Products;
			sourceTree = "<group>";
		};
		6672EB872A5BECBC00D8CFB2 /* NYT-Books */ = {
			isa = PBXGroup;
			children = (
				6672EBA32A5BF1DF00D8CFB2 /* Coordinators */,
				6672EBA02A5BF0F500D8CFB2 /* Helpers */,
				6672EB9F2A5BF0E700D8CFB2 /* Views */,
				6672EB9E2A5BF0E300D8CFB2 /* Services */,
				6672EB9D2A5BF0D900D8CFB2 /* ViewModels */,
				6672EB9C2A5BF0CC00D8CFB2 /* Models */,
				6672EB882A5BECBC00D8CFB2 /* AppDelegate.swift */,
				6672EB8A2A5BECBC00D8CFB2 /* SceneDelegate.swift */,
				6672EB8C2A5BECBC00D8CFB2 /* ViewController.swift */,
				6672EB912A5BECBC00D8CFB2 /* Assets.xcassets */,
				6672EB932A5BECBC00D8CFB2 /* LaunchScreen.storyboard */,
				6672EB962A5BECBC00D8CFB2 /* Info.plist */,
			);
			path = "NYT-Books";
			sourceTree = "<group>";
		};
		6672EB9C2A5BF0CC00D8CFB2 /* Models */ = {
			isa = PBXGroup;
			children = (
				6672EBA62A5BF44400D8CFB2 /* Category.swift */,
				6672EBA82A5BF47800D8CFB2 /* CategoriesResponse.swift */,
				6672EBAA2A5BF5FB00D8CFB2 /* Book.swift */,
				6672EBAC2A5BF71C00D8CFB2 /* BookListResponse.swift */,
				6672EBAE2A5BF72500D8CFB2 /* BookList.swift */,
			);
			path = Models;
			sourceTree = "<group>";
		};
		6672EB9D2A5BF0D900D8CFB2 /* ViewModels */ = {
			isa = PBXGroup;
			children = (
				6672EBB42A5C16FA00D8CFB2 /* CategoriesViewModel.swift */,
				6622FAD82A5FFC58008AA5D6 /* BookListViewModel.swift */,
				6622FADC2A601C46008AA5D6 /* BookCellViewModel.swift */,
			);
			path = ViewModels;
			sourceTree = "<group>";
		};
		6672EB9E2A5BF0E300D8CFB2 /* Services */ = {
			isa = PBXGroup;
			children = (
				6672EBB02A5BF7FD00D8CFB2 /* NetworkService.swift */,
			);
			path = Services;
			sourceTree = "<group>";
		};
		6672EB9F2A5BF0E700D8CFB2 /* Views */ = {
			isa = PBXGroup;
			children = (
				6622FAD52A5FFB9D008AA5D6 /* BookList */,
				6672EBB82A5C1D1D00D8CFB2 /* Categories */,
			);
			path = Views;
			sourceTree = "<group>";
		};
		6672EBA02A5BF0F500D8CFB2 /* Helpers */ = {
			isa = PBXGroup;
			children = (
				6672EBA12A5BF1BC00D8CFB2 /* Coordinator.swift */,
				6622FAD12A5FF7DA008AA5D6 /* EventHandler.swift */,
				6622FAD32A5FF812008AA5D6 /* ViewControllerEvent.swift */,
			);
			path = Helpers;
			sourceTree = "<group>";
		};
		6672EBA32A5BF1DF00D8CFB2 /* Coordinators */ = {
			isa = PBXGroup;
			children = (
				6672EBA42A5BF1FB00D8CFB2 /* MainCoordinator.swift */,
			);
			path = Coordinators;
			sourceTree = "<group>";
		};
		6672EBB82A5C1D1D00D8CFB2 /* Categories */ = {
			isa = PBXGroup;
			children = (
				6672EBB92A5C1D3600D8CFB2 /* CategoryTableViewCell.swift */,
				6672EBB22A5C16E200D8CFB2 /* CategoriesViewController.swift */,
			);
			path = Categories;
			sourceTree = "<group>";
		};
/* End PBXGroup section */

/* Begin PBXNativeTarget section */
		6672EB842A5BECBC00D8CFB2 /* NYT-Books */ = {
			isa = PBXNativeTarget;
			buildConfigurationList = 6672EB992A5BECBD00D8CFB2 /* Build configuration list for PBXNativeTarget "NYT-Books" */;
			buildPhases = (
				6672EB812A5BECBC00D8CFB2 /* Sources */,
				6672EB822A5BECBC00D8CFB2 /* Frameworks */,
				6672EB832A5BECBC00D8CFB2 /* Resources */,
			);
			buildRules = (
			);
			dependencies = (
			);
			name = "NYT-Books";
			productName = "NYT-Books";
			productReference = 6672EB852A5BECBC00D8CFB2 /* NYT-Books.app */;
			productType = "com.apple.product-type.application";
		};
/* End PBXNativeTarget section */

/* Begin PBXProject section */
		6672EB7D2A5BECBC00D8CFB2 /* Project object */ = {
			isa = PBXProject;
			attributes = {
				BuildIndependentTargetsInParallel = 1;
				LastSwiftUpdateCheck = 1430;
				LastUpgradeCheck = 1430;
				TargetAttributes = {
					6672EB842A5BECBC00D8CFB2 = {
						CreatedOnToolsVersion = 14.3.1;
					};
				};
			};
			buildConfigurationList = 6672EB802A5BECBC00D8CFB2 /* Build configuration list for PBXProject "NYT-Books" */;
			compatibilityVersion = "Xcode 14.0";
			developmentRegion = en;
			hasScannedForEncodings = 0;
			knownRegions = (
				en,
				Base,
			);
			mainGroup = 6672EB7C2A5BECBC00D8CFB2;
			productRefGroup = 6672EB862A5BECBC00D8CFB2 /* Products */;
			projectDirPath = "";
			projectRoot = "";
			targets = (
				6672EB842A5BECBC00D8CFB2 /* NYT-Books */,
			);
		};
/* End PBXProject section */

/* Begin PBXResourcesBuildPhase section */
		6672EB832A5BECBC00D8CFB2 /* Resources */ = {
			isa = PBXResourcesBuildPhase;
			buildActionMask = 2147483647;
			files = (
				6672EB952A5BECBC00D8CFB2 /* LaunchScreen.storyboard in Resources */,
				6672EB922A5BECBC00D8CFB2 /* Assets.xcassets in Resources */,
			);
			runOnlyForDeploymentPostprocessing = 0;
		};
/* End PBXResourcesBuildPhase section */

/* Begin PBXSourcesBuildPhase section */
		6672EB812A5BECBC00D8CFB2 /* Sources */ = {
			isa = PBXSourcesBuildPhase;
			buildActionMask = 2147483647;
			files = (
				6672EBB12A5BF7FD00D8CFB2 /* NetworkService.swift in Sources */,
				6622FAD72A5FFBBD008AA5D6 /* BookListViewController.swift in Sources */,
				6672EBAB2A5BF5FB00D8CFB2 /* Book.swift in Sources */,
				6672EBB32A5C16E200D8CFB2 /* CategoriesViewController.swift in Sources */,
				6622FADB2A601BA6008AA5D6 /* BookListTableViewCell.swift in Sources */,
				6622FADD2A601C46008AA5D6 /* BookCellViewModel.swift in Sources */,
				6672EBA22A5BF1BC00D8CFB2 /* Coordinator.swift in Sources */,
				6622FAD92A5FFC58008AA5D6 /* BookListViewModel.swift in Sources */,
				6622FAD22A5FF7DA008AA5D6 /* EventHandler.swift in Sources */,
				6622FAD42A5FF812008AA5D6 /* ViewControllerEvent.swift in Sources */,
				6672EBAF2A5BF72500D8CFB2 /* BookList.swift in Sources */,
				6672EBBA2A5C1D3600D8CFB2 /* CategoryTableViewCell.swift in Sources */,
				6672EB8D2A5BECBC00D8CFB2 /* ViewController.swift in Sources */,
				6672EBA92A5BF47800D8CFB2 /* CategoriesResponse.swift in Sources */,
				6672EB892A5BECBC00D8CFB2 /* AppDelegate.swift in Sources */,
				6672EBAD2A5BF71C00D8CFB2 /* BookListResponse.swift in Sources */,
				6672EBB52A5C16FA00D8CFB2 /* CategoriesViewModel.swift in Sources */,
				6672EBA52A5BF1FB00D8CFB2 /* MainCoordinator.swift in Sources */,
				6672EB8B2A5BECBC00D8CFB2 /* SceneDelegate.swift in Sources */,
				6672EBA72A5BF44400D8CFB2 /* Category.swift in Sources */,
			);
			runOnlyForDeploymentPostprocessing = 0;
		};
/* End PBXSourcesBuildPhase section */

/* Begin PBXVariantGroup section */
		6672EB932A5BECBC00D8CFB2 /* LaunchScreen.storyboard */ = {
			isa = PBXVariantGroup;
			children = (
				6672EB942A5BECBC00D8CFB2 /* Base */,
			);
			name = LaunchScreen.storyboard;
			sourceTree = "<group>";
		};
/* End PBXVariantGroup section */

/* Begin XCBuildConfiguration section */
		6672EB972A5BECBC00D8CFB2 /* Debug */ = {
			isa = XCBuildConfiguration;
			buildSettings = {
				ALWAYS_SEARCH_USER_PATHS = NO;
				CLANG_ANALYZER_NONNULL = YES;
				CLANG_ANALYZER_NUMBER_OBJECT_CONVERSION = YES_AGGRESSIVE;
				CLANG_CXX_LANGUAGE_STANDARD = "gnu++20";
				CLANG_ENABLE_MODULES = YES;
				CLANG_ENABLE_OBJC_ARC = YES;
				CLANG_ENABLE_OBJC_WEAK = YES;
				CLANG_WARN_BLOCK_CAPTURE_AUTORELEASING = YES;
				CLANG_WARN_BOOL_CONVERSION = YES;
				CLANG_WARN_COMMA = YES;
				CLANG_WARN_CONSTANT_CONVERSION = YES;
				CLANG_WARN_DEPRECATED_OBJC_IMPLEMENTATIONS = YES;
				CLANG_WARN_DIRECT_OBJC_ISA_USAGE = YES_ERROR;
				CLANG_WARN_DOCUMENTATION_COMMENTS = YES;
				CLANG_WARN_EMPTY_BODY = YES;
				CLANG_WARN_ENUM_CONVERSION = YES;
				CLANG_WARN_INFINITE_RECURSION = YES;
				CLANG_WARN_INT_CONVERSION = YES;
				CLANG_WARN_NON_LITERAL_NULL_CONVERSION = YES;
				CLANG_WARN_OBJC_IMPLICIT_RETAIN_SELF = YES;
				CLANG_WARN_OBJC_LITERAL_CONVERSION = YES;
				CLANG_WARN_OBJC_ROOT_CLASS = YES_ERROR;
				CLANG_WARN_QUOTED_INCLUDE_IN_FRAMEWORK_HEADER = YES;
				CLANG_WARN_RANGE_LOOP_ANALYSIS = YES;
				CLANG_WARN_STRICT_PROTOTYPES = YES;
				CLANG_WARN_SUSPICIOUS_MOVE = YES;
				CLANG_WARN_UNGUARDED_AVAILABILITY = YES_AGGRESSIVE;
				CLANG_WARN_UNREACHABLE_CODE = YES;
				CLANG_WARN__DUPLICATE_METHOD_MATCH = YES;
				COPY_PHASE_STRIP = NO;
				DEBUG_INFORMATION_FORMAT = dwarf;
				ENABLE_STRICT_OBJC_MSGSEND = YES;
				ENABLE_TESTABILITY = YES;
				GCC_C_LANGUAGE_STANDARD = gnu11;
				GCC_DYNAMIC_NO_PIC = NO;
				GCC_NO_COMMON_BLOCKS = YES;
				GCC_OPTIMIZATION_LEVEL = 0;
				GCC_PREPROCESSOR_DEFINITIONS = (
					"DEBUG=1",
					"$(inherited)",
				);
				GCC_WARN_64_TO_32_BIT_CONVERSION = YES;
				GCC_WARN_ABOUT_RETURN_TYPE = YES_ERROR;
				GCC_WARN_UNDECLARED_SELECTOR = YES;
				GCC_WARN_UNINITIALIZED_AUTOS = YES_AGGRESSIVE;
				GCC_WARN_UNUSED_FUNCTION = YES;
				GCC_WARN_UNUSED_VARIABLE = YES;
				IPHONEOS_DEPLOYMENT_TARGET = 16.4;
				MTL_ENABLE_DEBUG_INFO = INCLUDE_SOURCE;
				MTL_FAST_MATH = YES;
				ONLY_ACTIVE_ARCH = YES;
				SDKROOT = iphoneos;
				SWIFT_ACTIVE_COMPILATION_CONDITIONS = DEBUG;
				SWIFT_OPTIMIZATION_LEVEL = "-Onone";
			};
			name = Debug;
		};
		6672EB982A5BECBC00D8CFB2 /* Release */ = {
			isa = XCBuildConfiguration;
			buildSettings = {
				ALWAYS_SEARCH_USER_PATHS = NO;
				CLANG_ANALYZER_NONNULL = YES;
				CLANG_ANALYZER_NUMBER_OBJECT_CONVERSION = YES_AGGRESSIVE;
				CLANG_CXX_LANGUAGE_STANDARD = "gnu++20";
				CLANG_ENABLE_MODULES = YES;
				CLANG_ENABLE_OBJC_ARC = YES;
				CLANG_ENABLE_OBJC_WEAK = YES;
				CLANG_WARN_BLOCK_CAPTURE_AUTORELEASING = YES;
				CLANG_WARN_BOOL_CONVERSION = YES;
				CLANG_WARN_COMMA = YES;
				CLANG_WARN_CONSTANT_CONVERSION = YES;
				CLANG_WARN_DEPRECATED_OBJC_IMPLEMENTATIONS = YES;
				CLANG_WARN_DIRECT_OBJC_ISA_USAGE = YES_ERROR;
				CLANG_WARN_DOCUMENTATION_COMMENTS = YES;
				CLANG_WARN_EMPTY_BODY = YES;
				CLANG_WARN_ENUM_CONVERSION = YES;
				CLANG_WARN_INFINITE_RECURSION = YES;
				CLANG_WARN_INT_CONVERSION = YES;
				CLANG_WARN_NON_LITERAL_NULL_CONVERSION = YES;
				CLANG_WARN_OBJC_IMPLICIT_RETAIN_SELF = YES;
				CLANG_WARN_OBJC_LITERAL_CONVERSION = YES;
				CLANG_WARN_OBJC_ROOT_CLASS = YES_ERROR;
				CLANG_WARN_QUOTED_INCLUDE_IN_FRAMEWORK_HEADER = YES;
				CLANG_WARN_RANGE_LOOP_ANALYSIS = YES;
				CLANG_WARN_STRICT_PROTOTYPES = YES;
				CLANG_WARN_SUSPICIOUS_MOVE = YES;
				CLANG_WARN_UNGUARDED_AVAILABILITY = YES_AGGRESSIVE;
				CLANG_WARN_UNREACHABLE_CODE = YES;
				CLANG_WARN__DUPLICATE_METHOD_MATCH = YES;
				COPY_PHASE_STRIP = NO;
				DEBUG_INFORMATION_FORMAT = "dwarf-with-dsym";
				ENABLE_NS_ASSERTIONS = NO;
				ENABLE_STRICT_OBJC_MSGSEND = YES;
				GCC_C_LANGUAGE_STANDARD = gnu11;
				GCC_NO_COMMON_BLOCKS = YES;
				GCC_WARN_64_TO_32_BIT_CONVERSION = YES;
				GCC_WARN_ABOUT_RETURN_TYPE = YES_ERROR;
				GCC_WARN_UNDECLARED_SELECTOR = YES;
				GCC_WARN_UNINITIALIZED_AUTOS = YES_AGGRESSIVE;
				GCC_WARN_UNUSED_FUNCTION = YES;
				GCC_WARN_UNUSED_VARIABLE = YES;
				IPHONEOS_DEPLOYMENT_TARGET = 16.4;
				MTL_ENABLE_DEBUG_INFO = NO;
				MTL_FAST_MATH = YES;
				SDKROOT = iphoneos;
				SWIFT_COMPILATION_MODE = wholemodule;
				SWIFT_OPTIMIZATION_LEVEL = "-O";
				VALIDATE_PRODUCT = YES;
			};
			name = Release;
		};
		6672EB9A2A5BECBD00D8CFB2 /* Debug */ = {
			isa = XCBuildConfiguration;
			buildSettings = {
				ASSETCATALOG_COMPILER_APPICON_NAME = AppIcon;
				ASSETCATALOG_COMPILER_GLOBAL_ACCENT_COLOR_NAME = AccentColor;
				CODE_SIGN_STYLE = Automatic;
				CURRENT_PROJECT_VERSION = 1;
				DEVELOPMENT_TEAM = ST823QU25Q;
				GENERATE_INFOPLIST_FILE = YES;
				INFOPLIST_FILE = "NYT-Books/Info.plist";
				INFOPLIST_KEY_UIApplicationSupportsIndirectInputEvents = YES;
				INFOPLIST_KEY_UILaunchStoryboardName = LaunchScreen;
				INFOPLIST_KEY_UIMainStoryboardFile = "";
				INFOPLIST_KEY_UISupportedInterfaceOrientations_iPad = "UIInterfaceOrientationPortrait UIInterfaceOrientationPortraitUpsideDown UIInterfaceOrientationLandscapeLeft UIInterfaceOrientationLandscapeRight";
				INFOPLIST_KEY_UISupportedInterfaceOrientations_iPhone = "UIInterfaceOrientationPortrait UIInterfaceOrientationLandscapeLeft UIInterfaceOrientationLandscapeRight";
				LD_RUNPATH_SEARCH_PATHS = (
					"$(inherited)",
					"@executable_path/Frameworks",
				);
				MARKETING_VERSION = 1.0;
				PRODUCT_BUNDLE_IDENTIFIER = "com.akula.NYT-Books";
				PRODUCT_NAME = "$(TARGET_NAME)";
				SWIFT_EMIT_LOC_STRINGS = YES;
				SWIFT_VERSION = 5.0;
				TARGETED_DEVICE_FAMILY = "1,2";
			};
			name = Debug;
		};
		6672EB9B2A5BECBD00D8CFB2 /* Release */ = {
			isa = XCBuildConfiguration;
			buildSettings = {
				ASSETCATALOG_COMPILER_APPICON_NAME = AppIcon;
				ASSETCATALOG_COMPILER_GLOBAL_ACCENT_COLOR_NAME = AccentColor;
				CODE_SIGN_STYLE = Automatic;
				CURRENT_PROJECT_VERSION = 1;
				DEVELOPMENT_TEAM = ST823QU25Q;
				GENERATE_INFOPLIST_FILE = YES;
				INFOPLIST_FILE = "NYT-Books/Info.plist";
				INFOPLIST_KEY_UIApplicationSupportsIndirectInputEvents = YES;
				INFOPLIST_KEY_UILaunchStoryboardName = LaunchScreen;
				INFOPLIST_KEY_UIMainStoryboardFile = "";
				INFOPLIST_KEY_UISupportedInterfaceOrientations_iPad = "UIInterfaceOrientationPortrait UIInterfaceOrientationPortraitUpsideDown UIInterfaceOrientationLandscapeLeft UIInterfaceOrientationLandscapeRight";
				INFOPLIST_KEY_UISupportedInterfaceOrientations_iPhone = "UIInterfaceOrientationPortrait UIInterfaceOrientationLandscapeLeft UIInterfaceOrientationLandscapeRight";
				LD_RUNPATH_SEARCH_PATHS = (
					"$(inherited)",
					"@executable_path/Frameworks",
				);
				MARKETING_VERSION = 1.0;
				PRODUCT_BUNDLE_IDENTIFIER = "com.akula.NYT-Books";
				PRODUCT_NAME = "$(TARGET_NAME)";
				SWIFT_EMIT_LOC_STRINGS = YES;
				SWIFT_VERSION = 5.0;
				TARGETED_DEVICE_FAMILY = "1,2";
			};
			name = Release;
		};
/* End XCBuildConfiguration section */

/* Begin XCConfigurationList section */
		6672EB802A5BECBC00D8CFB2 /* Build configuration list for PBXProject "NYT-Books" */ = {
			isa = XCConfigurationList;
			buildConfigurations = (
				6672EB972A5BECBC00D8CFB2 /* Debug */,
				6672EB982A5BECBC00D8CFB2 /* Release */,
			);
			defaultConfigurationIsVisible = 0;
			defaultConfigurationName = Release;
		};
		6672EB992A5BECBD00D8CFB2 /* Build configuration list for PBXNativeTarget "NYT-Books" */ = {
			isa = XCConfigurationList;
			buildConfigurations = (
				6672EB9A2A5BECBD00D8CFB2 /* Debug */,
				6672EB9B2A5BECBD00D8CFB2 /* Release */,
			);
			defaultConfigurationIsVisible = 0;
			defaultConfigurationName = Release;
		};
/* End XCConfigurationList section */
	};
	rootObject = 6672EB7D2A5BECBC00D8CFB2 /* Project object */;
}
